
Microsoft Visual Studio Solution File, Format Version 12.00
# Visual Studio Version 17
VisualStudioVersion = 17.14.36705.20
MinimumVisualStudioVersion = 10.0.40219.1
Project("{FAE04EC0-301F-11D3-BF4B-00C04F79EFBC}") = "Eksamensprojekt 1 semester", "Eksamensprojekt 1 semester\Eksamensprojekt 1 semester.csproj", "{720CF04D-3163-42A4-B8FD-7DF87692BDA4}"
EndProject
Global
	GlobalSection(SolutionConfigurationPlatforms) = preSolution
		Debug|Any CPU = Debug|Any CPU
		Release|Any CPU = Release|Any CPU
	EndGlobalSection
	GlobalSection(ProjectConfigurationPlatforms) = postSolution
		{720CF04D-3163-42A4-B8FD-7DF87692BDA4}.Debug|Any CPU.ActiveCfg = Debug|Any CPU
		{720CF04D-3163-42A4-B8FD-7DF87692BDA4}.Debug|Any CPU.Build.0 = Debug|Any CPU
		{720CF04D-3163-42A4-B8FD-7DF87692BDA4}.Release|Any CPU.ActiveCfg = Release|Any CPU
		{720CF04D-3163-42A4-B8FD-7DF87692BDA4}.Release|Any CPU.Build.0 = Release|Any CPU
	EndGlobalSection
	GlobalSection(SolutionProperties) = preSolution
		HideSolutionNode = FALSE
	EndGlobalSection
	GlobalSection(ExtensibilityGlobals) = postSolution
		SolutionGuid = {EDFEC031-EE49-4ED4-87FA-6E50D5ED248E}
	EndGlobalSection
EndGlobal
